
Microsoft Visual Studio Solution File, Format Version 12.00
# Visual Studio Version 16
VisualStudioVersion = 16.0.31729.503
MinimumVisualStudioVersion = 10.0.40219.1
Project("{FAE04EC0-301F-11D3-BF4B-00C04F79EFBC}") = "PlantaPiloto", "PlantaPiloto\PlantaPiloto.csproj", "{851C5B90-5DD5-42C1-B058-FD13E90B027B}"
EndProject
Project("{FAE04EC0-301F-11D3-BF4B-00C04F79EFBC}") = "WebPlantaPiloto", "WebPlantaPiloto\WebPlantaPiloto.csproj", "{2016FAEA-C621-4790-AA1D-EA2625618360}"
EndProject
Global
	GlobalSection(SolutionConfigurationPlatforms) = preSolution
		Debug|Any CPU = Debug|Any CPU
		Debug|x64 = Debug|x64
		Debug|x86 = Debug|x86
		Release|Any CPU = Release|Any CPU
		Release|x64 = Release|x64
		Release|x86 = Release|x86
	EndGlobalSection
	GlobalSection(ProjectConfigurationPlatforms) = postSolution
		{851C5B90-5DD5-42C1-B058-FD13E90B027B}.Debug|Any CPU.ActiveCfg = Debug|Any CPU
		{851C5B90-5DD5-42C1-B058-FD13E90B027B}.Debug|Any CPU.Build.0 = Debug|Any CPU
		{851C5B90-5DD5-42C1-B058-FD13E90B027B}.Debug|x64.ActiveCfg = Debug|Any CPU
		{851C5B90-5DD5-42C1-B058-FD13E90B027B}.Debug|x64.Build.0 = Debug|Any CPU
		{851C5B90-5DD5-42C1-B058-FD13E90B027B}.Debug|x86.ActiveCfg = Debug|Any CPU
		{851C5B90-5DD5-42C1-B058-FD13E90B027B}.Debug|x86.Build.0 = Debug|Any CPU
		{851C5B90-5DD5-42C1-B058-FD13E90B027B}.Release|Any CPU.ActiveCfg = Release|Any CPU
		{851C5B90-5DD5-42C1-B058-FD13E90B027B}.Release|Any CPU.Build.0 = Release|Any CPU
		{851C5B90-5DD5-42C1-B058-FD13E90B027B}.Release|x64.ActiveCfg = Release|Any CPU
		{851C5B90-5DD5-42C1-B058-FD13E90B027B}.Release|x64.Build.0 = Release|Any CPU
		{851C5B90-5DD5-42C1-B058-FD13E90B027B}.Release|x86.ActiveCfg = Release|Any CPU
		{851C5B90-5DD5-42C1-B058-FD13E90B027B}.Release|x86.Build.0 = Release|Any CPU
		{2016FAEA-C621-4790-AA1D-EA2625618360}.Debug|Any CPU.ActiveCfg = Debug|Any CPU
		{2016FAEA-C621-4790-AA1D-EA2625618360}.Debug|Any CPU.Build.0 = Debug|Any CPU
		{2016FAEA-C621-4790-AA1D-EA2625618360}.Debug|x64.ActiveCfg = Debug|Any CPU
		{2016FAEA-C621-4790-AA1D-EA2625618360}.Debug|x64.Build.0 = Debug|Any CPU
		{2016FAEA-C621-4790-AA1D-EA2625618360}.Debug|x86.ActiveCfg = Debug|Any CPU
		{2016FAEA-C621-4790-AA1D-EA2625618360}.Debug|x86.Build.0 = Debug|Any CPU
		{2016FAEA-C621-4790-AA1D-EA2625618360}.Release|Any CPU.ActiveCfg = Release|Any CPU
		{2016FAEA-C621-4790-AA1D-EA2625618360}.Release|Any CPU.Build.0 = Release|Any CPU
		{2016FAEA-C621-4790-AA1D-EA2625618360}.Release|x64.ActiveCfg = Release|Any CPU
		{2016FAEA-C621-4790-AA1D-EA2625618360}.Release|x64.Build.0 = Release|Any CPU
		{2016FAEA-C621-4790-AA1D-EA2625618360}.Release|x86.ActiveCfg = Release|Any CPU
		{2016FAEA-C621-4790-AA1D-EA2625618360}.Release|x86.Build.0 = Release|Any CPU
	EndGlobalSection
	GlobalSection(SolutionProperties) = preSolution
		HideSolutionNode = FALSE
	EndGlobalSection
	GlobalSection(ExtensibilityGlobals) = postSolution
		SolutionGuid = {AB7AB1EA-C15E-4C47-A6B7-2D1623EA6F3D}
	EndGlobalSection
EndGlobal
